
Microsoft Visual Studio Solution File, Format Version 12.00
# Visual Studio 14
VisualStudioVersion = 14.0.23107.0
MinimumVisualStudioVersion = 10.0.40219.1
Project("{2150E333-8FDC-42A3-9474-1A3956D46DE8}") = "src", "src", "{6CC6B589-7D7A-4A75-BBA1-4914CB916E26}"
EndProject
Project("{2150E333-8FDC-42A3-9474-1A3956D46DE8}") = "Solution Items", "Solution Items", "{4B4A5EB6-EAEA-455F-8DEE-8FC750802718}"
	ProjectSection(SolutionItems) = preProject
		global.json = global.json
	EndProjectSection
EndProject
Project("{8BB2217D-0F2D-49D1-97BC-3654ED321F3B}") = "P1_4_1204041", "src\P1_4_1204041\P1_4_1204041.xproj", "{FE98B9FE-7396-4F7C-82B0-5A3D0227B793}"
EndProject
Global
	GlobalSection(SolutionConfigurationPlatforms) = preSolution
		Debug|Any CPU = Debug|Any CPU
		Release|Any CPU = Release|Any CPU
	EndGlobalSection
	GlobalSection(ProjectConfigurationPlatforms) = postSolution
		{FE98B9FE-7396-4F7C-82B0-5A3D0227B793}.Debug|Any CPU.ActiveCfg = Debug|Any CPU
		{FE98B9FE-7396-4F7C-82B0-5A3D0227B793}.Debug|Any CPU.Build.0 = Debug|Any CPU
		{FE98B9FE-7396-4F7C-82B0-5A3D0227B793}.Release|Any CPU.ActiveCfg = Release|Any CPU
		{FE98B9FE-7396-4F7C-82B0-5A3D0227B793}.Release|Any CPU.Build.0 = Release|Any CPU
	EndGlobalSection
	GlobalSection(SolutionProperties) = preSolution
		HideSolutionNode = FALSE
	EndGlobalSection
	GlobalSection(NestedProjects) = preSolution
		{FE98B9FE-7396-4F7C-82B0-5A3D0227B793} = {6CC6B589-7D7A-4A75-BBA1-4914CB916E26}
	EndGlobalSection
EndGlobal
